{
  "name": "LordsExpense",
  "lockfileVersion": 3,
  "requires": true,
  "packages": {
    "": {
      "devDependencies": {
        "nswag": "^14.4.0"
      }
    },
    "node_modules/nswag": {
      "version": "14.4.0",
      "resolved": "https://registry.npmjs.org/nswag/-/nswag-14.4.0.tgz",
      "integrity": "sha512-uul0DRrY4PtsOATvI5FqdR/q2DzbQEJh15s/PC2s3Thl0BQ5UCjVASvjTDGlSEfnZ9f7E9fF82TcoK+hhkVT6w==",
      "dev": true,
      "license": "MIT",
      "bin": {
        "nswag": "bin/nswag.js"
      },
      "engines": {
        "npm": ">=3.10.8"
      }
    }
  }
}
