Microsoft Visual Studio Solution File, Format Version 12.00
# Visual Studio Version 17
VisualStudioVersion = 17.5.2.0
MinimumVisualStudioVersion = 10.0.40219.1
Project("{FAE04EC0-301F-11D3-BF4B-00C04F79EFBC}") = "LordsExpense.HttpApi.Host", "LordsExpense.HttpApi.Host.csproj", "{65B13688-C07E-6052-94CC-28171B6B9763}"
EndProject
Global
	GlobalSection(SolutionConfigurationPlatforms) = preSolution
		Debug|Any CPU = Debug|Any CPU
		Release|Any CPU = Release|Any CPU
	EndGlobalSection
	GlobalSection(ProjectConfigurationPlatforms) = postSolution
		{65B13688-C07E-6052-94CC-28171B6B9763}.Debug|Any CPU.ActiveCfg = Debug|Any CPU
		{65B13688-C07E-6052-94CC-28171B6B9763}.Debug|Any CPU.Build.0 = Debug|Any CPU
		{65B13688-C07E-6052-94CC-28171B6B9763}.Release|Any CPU.ActiveCfg = Release|Any CPU
		{65B13688-C07E-6052-94CC-28171B6B9763}.Release|Any CPU.Build.0 = Release|Any CPU
	EndGlobalSection
	GlobalSection(SolutionProperties) = preSolution
		HideSolutionNode = FALSE
	EndGlobalSection
	GlobalSection(ExtensibilityGlobals) = postSolution
		SolutionGuid = {B682C19B-E2C5-49A5-887E-7EE0A55C29BD}
	EndGlobalSection
EndGlobal
